{
    "_readme": [
        "This file locks the dependencies of your project to a known state",
        "Read more about it at https://getcomposer.org/doc/01-basic-usage.md#composer-lock-the-lock-file",
        "This file is @generated automatically"
    ],
    "hash": "037287a079f8d4d33f786efa5a1359e4",
    "content-hash": "9ad3dcf6f2ef066f4127c712bd810d30",
    "packages": [
        {
            "name": "almasaeed2010/adminlte",
            "version": "v2.3.2",
            "source": {
                "type": "git",
                "url": "https://github.com/almasaeed2010/AdminLTE.git",
                "reference": "1ee281b3b99e8d8cccdc72fb8437c6888149cb46"
            },
            "dist": {
                "type": "zip",
                "url": "https://api.github.com/repos/almasaeed2010/AdminLTE/zipball/1ee281b3b99e8d8cccdc72fb8437c6888149cb46",
                "reference": "1ee281b3b99e8d8cccdc72fb8437c6888149cb46",
                "shasum": ""
            },
            "type": "library",
            "notification-url": "https://packagist.org/downloads/",
            "license": [
                "MIT"
            ],
            "authors": [
                {
                    "name": "Abdullah Almsaeed",
                    "email": "support@almsaeedstudio.com"
                }
            ],
            "description": "AdminLTE - admin control panel and dashboard that's based on Bootstrap 3",
            "homepage": "http://almsaeedstudio.com/",
            "keywords": [
                "JS",
                "admin",
                "back-end",
                "css",
                "less",
                "responsive",
                "template",
                "theme",
                "web"
            ],
            "time": "2015-10-23 14:50:49"
        },
        {
            "name": "fortawesome/font-awesome",
            "version": "v4.5.0",
            "source": {
                "type": "git",
                "url": "https://github.com/FortAwesome/Font-Awesome.git",
                "reference": "fddd2c240452e6c8990c4ef75e0265b455aa7968"
            },
            "dist": {
                "type": "zip",
                "url": "https://api.github.com/repos/FortAwesome/Font-Awesome/zipball/fddd2c240452e6c8990c4ef75e0265b455aa7968",
                "reference": "fddd2c240452e6c8990c4ef75e0265b455aa7968",
                "shasum": ""
            },
            "require-dev": {
                "jekyll": "1.0.2",
                "lessc": "1.4.2"
            },
            "type": "library",
            "extra": {
                "branch-alias": {
                    "dev-master": "4.0.x-dev"
                }
            },
            "notification-url": "https://packagist.org/downloads/",
            "license": [
                "OFL-1.1",
                "MIT"
            ],
            "authors": [
                {
                    "name": "Dave Gandy",
                    "email": "dave@fontawesome.io",
                    "homepage": "http://twitter.com/davegandy",
                    "role": "Developer"
                }
            ],
            "description": "The iconic font and CSS framework",
            "homepage": "http://fontawesome.io/",
            "keywords": [
                "FontAwesome",
                "awesome",
                "bootstrap",
                "font",
                "icon"
            ],
            "time": "2015-11-30 17:28:02"
        },
        {
            "name": "ifsnop/mysqldump-php",
            "version": "v2.1",
            "source": {
                "type": "git",
                "url": "https://github.com/ifsnop/mysqldump-php.git",
                "reference": "701024dd160f15796bed8130c3bdeb26c634785a"
            },
            "dist": {
                "type": "zip",
                "url": "https://api.github.com/repos/ifsnop/mysqldump-php/zipball/701024dd160f15796bed8130c3bdeb26c634785a",
                "reference": "701024dd160f15796bed8130c3bdeb26c634785a",
                "shasum": ""
            },
            "require": {
                "php": ">=5.3.0"
            },
            "require-dev": {
                "phpunit/phpunit": "3.7.*",
                "squizlabs/php_codesniffer": "1.*"
            },
            "type": "library",
            "autoload": {
                "psr-4": {
                    "Ifsnop\\": "src/Ifsnop/"
                }
            },
            "notification-url": "https://packagist.org/downloads/",
            "license": [
                "MIT"
            ],
            "authors": [
                {
                    "name": "Diego Torres",
                    "homepage": "https://github.com/ifsnop",
                    "role": "Developer"
                }
            ],
            "description": "This is a php version of linux's mysqldump in terminal \"$ mysqldump -u username -p...\"",
            "homepage": "https://github.com/ifsnop/mysqldump-php",
            "keywords": [
                "backup",
                "database",
                "dump",
                "export",
                "mysql",
                "mysqldump",
                "pdo",
                "sqlite"
            ],
            "time": "2015-10-19 15:58:11"
        },
        {
            "name": "keboola/csv",
            "version": "1.1.3",
            "source": {
                "type": "git",
                "url": "https://github.com/keboola/php-csv.git",
                "reference": "113735ad9f4f7e0ef5545ebfb5fcd62528035841"
            },
            "dist": {
                "type": "zip",
                "url": "https://api.github.com/repos/keboola/php-csv/zipball/113735ad9f4f7e0ef5545ebfb5fcd62528035841",
                "reference": "113735ad9f4f7e0ef5545ebfb5fcd62528035841",
                "shasum": ""
            },
            "require-dev": {
                "phpunit/phpunit": "~3.7"
            },
            "type": "library",
            "autoload": {
                "psr-0": {
                    "Keboola\\Csv": "src/"
                }
            },
            "notification-url": "https://packagist.org/downloads/",
            "license": [
                "MIT"
            ],
            "description": "Keboola CSV reader and writer",
            "homepage": "http://keboola.com",
            "time": "2014-01-31 14:10:34"
        },
        {
            "name": "kenjis/codeigniter-ss-twig",
            "version": "dev-master",
            "source": {
                "type": "git",
                "url": "https://github.com/kenjis/codeigniter-ss-twig.git",
                "reference": "ba3fa968b8b58c2282f84701564834ae80ac9315"
            },
            "dist": {
                "type": "zip",
                "url": "https://api.github.com/repos/kenjis/codeigniter-ss-twig/zipball/ba3fa968b8b58c2282f84701564834ae80ac9315",
                "reference": "ba3fa968b8b58c2282f84701564834ae80ac9315",
                "shasum": ""
            },
            "require": {
                "php": ">=5.4.0",
                "twig/twig": "~1.20"
            },
            "require-dev": {
                "codeigniter/framework": "3.0.*"
            },
            "type": "library",
            "extra": {
                "branch-alias": {
                    "dev-master": "1.0.x-dev"
                }
            },
            "notification-url": "https://packagist.org/downloads/",
            "license": [
                "MIT"
            ],
            "authors": [
                {
                    "name": "Kenji Suzuki",
                    "homepage": "https://github.com/kenjis/codeigniter-ss-twig"
                }
            ],
            "description": "A Simple and Secure Twig integration for CodeIgniter 3.0",
            "keywords": [
                "codeigniter",
                "twig"
            ],
            "time": "2016-02-13 03:33:11"
        },
        {
            "name": "lightopenid/lightopenid",
            "version": "dev-master",
            "source": {
                "type": "git",
                "url": "https://github.com/Mewp/lightopenid.git",
                "reference": "9d42dc24e4dd34121c98a6491bc3ef7933a68a19"
            },
            "dist": {
                "type": "zip",
                "url": "https://api.github.com/repos/Mewp/lightopenid/zipball/9d42dc24e4dd34121c98a6491bc3ef7933a68a19",
                "reference": "9d42dc24e4dd34121c98a6491bc3ef7933a68a19",
                "shasum": ""
            },
            "require": {
                "php": ">=5.2.3"
            },
            "type": "library",
            "autoload": {
                "classmap": [
                    "./"
                ]
            },
            "notification-url": "https://packagist.org/downloads/",
            "license": [
                "MIT"
            ],
            "homepage": "http://code.google.com/p/lightopenid/",
            "keywords": [
                "OpenId"
            ],
            "time": "2013-10-27 16:25:49"
        },
        {
            "name": "mashape/unirest-php",
            "version": "1.2.1",
            "source": {
                "type": "git",
                "url": "https://github.com/Mashape/unirest-php.git",
                "reference": "ff13801b7bc06a635054b3674a02588bd7d48be5"
            },
            "dist": {
                "type": "zip",
                "url": "https://api.github.com/repos/Mashape/unirest-php/zipball/ff13801b7bc06a635054b3674a02588bd7d48be5",
                "reference": "ff13801b7bc06a635054b3674a02588bd7d48be5",
                "shasum": ""
            },
            "require": {
                "ext-curl": "*",
                "ext-json": "*",
                "php": ">=5.3.0"
            },
            "require-dev": {
                "vierbergenlars/simpletest": "*"
            },
            "type": "library",
            "autoload": {
                "psr-0": {
                    "Unirest": "lib"
                }
            },
            "notification-url": "https://packagist.org/downloads/",
            "license": [
                "MIT"
            ],
            "authors": [
                {
                    "name": "Mashape",
                    "email": "support@mashape.com",
                    "homepage": "http://mashape.com"
                }
            ],
            "description": "Unirest PHP",
            "homepage": "https://github.com/Mashape/unirest-php",
            "keywords": [
                "client",
                "curl",
                "http",
                "rest"
            ],
            "time": "2014-04-05 23:28:21"
        },
        {
            "name": "nostalgiaz/bootstrap-switch",
            "version": "3.3.2",
            "source": {
                "type": "git",
                "url": "https://github.com/nostalgiaz/bootstrap-switch.git",
                "reference": "ec69b5dd914dacb19cf1fa8e1be7eea6bcc7b083"
            },
            "dist": {
                "type": "zip",
                "url": "https://api.github.com/repos/nostalgiaz/bootstrap-switch/zipball/ec69b5dd914dacb19cf1fa8e1be7eea6bcc7b083",
                "reference": "ec69b5dd914dacb19cf1fa8e1be7eea6bcc7b083",
                "shasum": ""
            },
            "type": "component",
            "extra": {
                "component": {
                    "name": "bootstrap-switch",
                    "files": [
                        "dist/**"
                    ],
                    "scripts": [
                        "dist/js/bootstrap-switch.js"
                    ],
                    "shim": {
                        "exports": "BootstrapSwitch"
                    }
                }
            },
            "notification-url": "https://packagist.org/downloads/",
            "license": [
                "Apache License Version 2.0"
            ],
            "authors": [
                {
                    "name": "Mattia Larentis",
                    "homepage": "http://www.larentis.eu"
                }
            ],
            "description": "Turn checkboxes and radio buttons in toggle switches.",
            "homepage": "http://www.bootstrap-switch.org",
            "keywords": [
                "JS",
                "bootstrap",
                "javascript",
                "switch"
            ],
            "time": "2015-01-25 13:46:30"
        },
        {
            "name": "sendgrid/sendgrid",
            "version": "2.0.5",
            "source": {
                "type": "git",
                "url": "https://github.com/sendgrid/sendgrid-php.git",
                "reference": "4899267531645d970675edc446f03fef20a5a931"
            },
            "dist": {
                "type": "zip",
                "url": "https://api.github.com/repos/sendgrid/sendgrid-php/zipball/4899267531645d970675edc446f03fef20a5a931",
                "reference": "4899267531645d970675edc446f03fef20a5a931",
                "shasum": ""
            },
            "require": {
                "mashape/unirest-php": "1.2.1",
                "php": ">=5.3",
                "sendgrid/smtpapi": "0.0.1"
            },
            "replace": {
                "sendgrid/sendgrid-php": "*"
            },
            "require-dev": {
                "phpunit/phpunit": "3.7.*",
                "vlucas/phpdotenv": "1.0.2"
            },
            "type": "library",
            "autoload": {
                "psr-0": {
                    "SendGrid": "lib/"
                }
            },
            "notification-url": "https://packagist.org/downloads/",
            "license": [
                "MIT"
            ],
            "description": "This library allows you to quickly and easily send emails through SendGrid using PHP.",
            "homepage": "http://github.com/sendgrid/sendgrid-php",
            "keywords": [
                "email",
                "grid",
                "send",
                "sendgrid"
            ],
            "time": "2014-04-18 17:23:19"
        },
        {
            "name": "sendgrid/smtpapi",
            "version": "0.0.1",
            "source": {
                "type": "git",
                "url": "https://github.com/sendgrid/smtpapi-php.git",
                "reference": "3ff7a7bba3b0483a839fbe26227d3d514a94d55c"
            },
            "dist": {
                "type": "zip",
                "url": "https://api.github.com/repos/sendgrid/smtpapi-php/zipball/3ff7a7bba3b0483a839fbe26227d3d514a94d55c",
                "reference": "3ff7a7bba3b0483a839fbe26227d3d514a94d55c",
                "shasum": ""
            },
            "require": {
                "php": ">=5.3"
            },
            "replace": {
                "sendgrid/smtpapi-php": "*"
            },
            "require-dev": {
                "phpunit/phpunit": "3.7.*"
            },
            "type": "library",
            "autoload": {
                "psr-0": {
                    "Smtpapi": "lib/"
                }
            },
            "notification-url": "https://packagist.org/downloads/",
            "license": [
                "MIT"
            ],
            "description": "Build SendGrid X-SMTPAPI headers in PHP.",
            "homepage": "http://github.com/sendgrid/smtpapi-php",
            "keywords": [
                "X-SMTP",
                "api",
                "email",
                "grid",
                "send",
                "sendgrid",
                "smtp",
                "smtpapi",
                "xsmtp"
            ],
            "time": "2014-01-01 01:37:15"
        },
        {
            "name": "twig/twig",
            "version": "v1.24.0",
            "source": {
                "type": "git",
                "url": "https://github.com/twigphp/Twig.git",
                "reference": "3e5aa30ebfbafd5951fb1b01e338e1800ce7e0e8"
            },
            "dist": {
                "type": "zip",
                "url": "https://api.github.com/repos/twigphp/Twig/zipball/3e5aa30ebfbafd5951fb1b01e338e1800ce7e0e8",
                "reference": "3e5aa30ebfbafd5951fb1b01e338e1800ce7e0e8",
                "shasum": ""
            },
            "require": {
                "php": ">=5.2.7"
            },
            "require-dev": {
                "symfony/debug": "~2.7",
                "symfony/phpunit-bridge": "~2.7"
            },
            "type": "library",
            "extra": {
                "branch-alias": {
                    "dev-master": "1.24-dev"
                }
            },
            "autoload": {
                "psr-0": {
                    "Twig_": "lib/"
                }
            },
            "notification-url": "https://packagist.org/downloads/",
            "license": [
                "BSD-3-Clause"
            ],
            "authors": [
                {
                    "name": "Fabien Potencier",
                    "email": "fabien@symfony.com",
                    "homepage": "http://fabien.potencier.org",
                    "role": "Lead Developer"
                },
                {
                    "name": "Armin Ronacher",
                    "email": "armin.ronacher@active-4.com",
                    "role": "Project Founder"
                },
                {
                    "name": "Twig Team",
                    "homepage": "http://twig.sensiolabs.org/contributors",
                    "role": "Contributors"
                }
            ],
            "description": "Twig, the flexible, fast, and secure template language for PHP",
            "homepage": "http://twig.sensiolabs.org",
            "keywords": [
                "templating"
            ],
            "time": "2016-01-25 21:22:18"
        }
    ],
    "packages-dev": [
        {
            "name": "mikey179/vfsStream",
            "version": "v1.1.0",
            "source": {
                "type": "git",
                "url": "https://github.com/mikey179/vfsStream.git",
                "reference": "fc0fe8f4d0b527254a2dc45f0c265567c881d07e"
            },
            "dist": {
                "type": "zip",
                "url": "https://api.github.com/repos/mikey179/vfsStream/zipball/fc0fe8f4d0b527254a2dc45f0c265567c881d07e",
                "reference": "fc0fe8f4d0b527254a2dc45f0c265567c881d07e",
                "shasum": ""
            },
            "require": {
                "php": ">=5.3.0"
            },
            "type": "library",
            "autoload": {
                "psr-0": {
                    "org\\bovigo\\vfs": "src/main/php"
                }
            },
            "notification-url": "https://packagist.org/downloads/",
            "license": [
                "BSD"
            ],
            "homepage": "http://vfs.bovigo.org/",
            "time": "2012-08-25 12:49:29"
        }
    ],
    "aliases": [],
    "minimum-stability": "stable",
    "stability-flags": {
        "kenjis/codeigniter-ss-twig": 20,
        "lightopenid/lightopenid": 20
    },
    "prefer-stable": false,
    "prefer-lowest": false,
    "platform": {
        "php": "^5.6"
    },
    "platform-dev": []
}
