{
    "_readme": [
        "This file locks the dependencies of your project to a known state",
        "Read more about it at https://getcomposer.org/doc/01-basic-usage.md#composer-lock-the-lock-file",
        "This file is @generated automatically"
    ],
    "hash": "5202acd3b24377af7471bb22b3edad4d",
    "content-hash": "a06929ddd9feef7026c114927bff70d9",
    "packages": [
        {
            "name": "almasaeed2010/adminlte",
            "version": "v2.3.2",
            "source": {
                "type": "git",
                "url": "https://github.com/almasaeed2010/AdminLTE.git",
                "reference": "1ee281b3b99e8d8cccdc72fb8437c6888149cb46"
            },
            "dist": {
                "type": "zip",
                "url": "https://api.github.com/repos/almasaeed2010/AdminLTE/zipball/1ee281b3b99e8d8cccdc72fb8437c6888149cb46",
                "reference": "1ee281b3b99e8d8cccdc72fb8437c6888149cb46",
                "shasum": ""
            },
            "type": "library",
            "notification-url": "https://packagist.org/downloads/",
            "license": [
                "MIT"
            ],
            "authors": [
                {
                    "name": "Abdullah Almsaeed",
                    "email": "support@almsaeedstudio.com"
                }
            ],
            "description": "AdminLTE - admin control panel and dashboard that's based on Bootstrap 3",
            "homepage": "http://almsaeedstudio.com/",
            "keywords": [
                "JS",
                "admin",
                "back-end",
                "css",
                "less",
                "responsive",
                "template",
                "theme",
                "web"
            ],
            "time": "2015-10-23 14:50:49"
        },
        {
            "name": "fortawesome/font-awesome",
            "version": "v4.4.0",
            "source": {
                "type": "git",
                "url": "https://github.com/FortAwesome/Font-Awesome.git",
                "reference": "e554555d73a44e0a7d11b0361ad7a5325a5f551c"
            },
            "dist": {
                "type": "zip",
                "url": "https://api.github.com/repos/FortAwesome/Font-Awesome/zipball/e554555d73a44e0a7d11b0361ad7a5325a5f551c",
                "reference": "e554555d73a44e0a7d11b0361ad7a5325a5f551c",
                "shasum": ""
            },
            "require-dev": {
                "jekyll": "1.0.2",
                "lessc": "1.4.2"
            },
            "type": "library",
            "extra": {
                "branch-alias": {
                    "dev-master": "4.0.x-dev"
                }
            },
            "notification-url": "https://packagist.org/downloads/",
            "license": [
                "OFL-1.1",
                "MIT"
            ],
            "authors": [
                {
                    "name": "Dave Gandy",
                    "email": "dave@fontawesome.io",
                    "homepage": "http://twitter.com/davegandy",
                    "role": "Developer"
                }
            ],
            "description": "The iconic font and CSS framework",
            "homepage": "http://fontawesome.io/",
            "keywords": [
                "FontAwesome",
                "awesome",
                "bootstrap",
                "font",
                "icon"
            ],
            "time": "2015-07-28 21:55:03"
        },
        {
            "name": "kenjis/codeigniter-ss-twig",
            "version": "dev-master",
            "source": {
                "type": "git",
                "url": "https://github.com/kenjis/codeigniter-ss-twig.git",
                "reference": "a675f217a2f85a699681ab793ed862a1f7c90f34"
            },
            "dist": {
                "type": "zip",
                "url": "https://api.github.com/repos/kenjis/codeigniter-ss-twig/zipball/a675f217a2f85a699681ab793ed862a1f7c90f34",
                "reference": "a675f217a2f85a699681ab793ed862a1f7c90f34",
                "shasum": ""
            },
            "require": {
                "php": ">=5.4.0",
                "twig/twig": "~1.20"
            },
            "require-dev": {
                "codeigniter/framework": "3.0.*"
            },
            "type": "library",
            "extra": {
                "branch-alias": {
                    "dev-master": "1.0.x-dev"
                }
            },
            "notification-url": "https://packagist.org/downloads/",
            "license": [
                "MIT"
            ],
            "authors": [
                {
                    "name": "Kenji Suzuki",
                    "homepage": "https://github.com/kenjis/codeigniter-ss-twig"
                }
            ],
            "description": "A Simple and Secure Twig integration for CodeIgniter 3.0",
            "keywords": [
                "codeigniter",
                "twig"
            ],
            "time": "2015-10-23 06:16:15"
        },
        {
            "name": "lightopenid/lightopenid",
            "version": "dev-master",
            "source": {
                "type": "git",
                "url": "https://github.com/Mewp/lightopenid.git",
                "reference": "9d42dc24e4dd34121c98a6491bc3ef7933a68a19"
            },
            "dist": {
                "type": "zip",
                "url": "https://api.github.com/repos/Mewp/lightopenid/zipball/9d42dc24e4dd34121c98a6491bc3ef7933a68a19",
                "reference": "9d42dc24e4dd34121c98a6491bc3ef7933a68a19",
                "shasum": ""
            },
            "require": {
                "php": ">=5.2.3"
            },
            "type": "library",
            "autoload": {
                "classmap": [
                    "./"
                ]
            },
            "notification-url": "https://packagist.org/downloads/",
            "license": [
                "MIT"
            ],
            "homepage": "http://code.google.com/p/lightopenid/",
            "keywords": [
                "OpenId"
            ],
            "time": "2013-10-27 16:25:49"
        },
        {
            "name": "twig/twig",
            "version": "v1.23.1",
            "source": {
                "type": "git",
                "url": "https://github.com/twigphp/Twig.git",
                "reference": "d9b6333ae8dd2c8e3fd256e127548def0bc614c6"
            },
            "dist": {
                "type": "zip",
                "url": "https://api.github.com/repos/twigphp/Twig/zipball/d9b6333ae8dd2c8e3fd256e127548def0bc614c6",
                "reference": "d9b6333ae8dd2c8e3fd256e127548def0bc614c6",
                "shasum": ""
            },
            "require": {
                "php": ">=5.2.7"
            },
            "require-dev": {
                "symfony/debug": "~2.7",
                "symfony/phpunit-bridge": "~2.7"
            },
            "type": "library",
            "extra": {
                "branch-alias": {
                    "dev-master": "1.23-dev"
                }
            },
            "autoload": {
                "psr-0": {
                    "Twig_": "lib/"
                }
            },
            "notification-url": "https://packagist.org/downloads/",
            "license": [
                "BSD-3-Clause"
            ],
            "authors": [
                {
                    "name": "Fabien Potencier",
                    "email": "fabien@symfony.com",
                    "homepage": "http://fabien.potencier.org",
                    "role": "Lead Developer"
                },
                {
                    "name": "Armin Ronacher",
                    "email": "armin.ronacher@active-4.com",
                    "role": "Project Founder"
                },
                {
                    "name": "Twig Team",
                    "homepage": "http://twig.sensiolabs.org/contributors",
                    "role": "Contributors"
                }
            ],
            "description": "Twig, the flexible, fast, and secure template language for PHP",
            "homepage": "http://twig.sensiolabs.org",
            "keywords": [
                "templating"
            ],
            "time": "2015-11-05 12:49:06"
        }
    ],
    "packages-dev": [
        {
            "name": "mikey179/vfsStream",
            "version": "v1.1.0",
            "source": {
                "type": "git",
                "url": "https://github.com/mikey179/vfsStream.git",
                "reference": "fc0fe8f4d0b527254a2dc45f0c265567c881d07e"
            },
            "dist": {
                "type": "zip",
                "url": "https://api.github.com/repos/mikey179/vfsStream/zipball/fc0fe8f4d0b527254a2dc45f0c265567c881d07e",
                "reference": "fc0fe8f4d0b527254a2dc45f0c265567c881d07e",
                "shasum": ""
            },
            "require": {
                "php": ">=5.3.0"
            },
            "type": "library",
            "autoload": {
                "psr-0": {
                    "org\\bovigo\\vfs": "src/main/php"
                }
            },
            "notification-url": "https://packagist.org/downloads/",
            "license": [
                "BSD"
            ],
            "homepage": "http://vfs.bovigo.org/",
            "time": "2012-08-25 12:49:29"
        }
    ],
    "aliases": [],
    "minimum-stability": "stable",
    "stability-flags": {
        "kenjis/codeigniter-ss-twig": 20,
        "lightopenid/lightopenid": 20
    },
    "prefer-stable": false,
    "prefer-lowest": false,
    "platform": {
        "php": ">=5.2.4"
    },
    "platform-dev": []
}
